
Microsoft Visual Studio Solution File, Format Version 12.00
# Visual Studio Version 17
VisualStudioVersion = 17.8.34316.72
MinimumVisualStudioVersion = 10.0.40219.1
Project("{888888A0-9F3D-457C-B088-3A5042F75D52}") = "ModelApi", "ModelApi\ModelApi.pyproj", "{5BC1CF0F-8B17-4F95-ACED-BF1FD962A708}"
EndProject
Global
	GlobalSection(SolutionConfigurationPlatforms) = preSolution
		Debug|Any CPU = Debug|Any CPU
		Release|Any CPU = Release|Any CPU
	EndGlobalSection
	GlobalSection(ProjectConfigurationPlatforms) = postSolution
		{5BC1CF0F-8B17-4F95-ACED-BF1FD962A708}.Debug|Any CPU.ActiveCfg = Debug|Any CPU
		{5BC1CF0F-8B17-4F95-ACED-BF1FD962A708}.Debug|Any CPU.Build.0 = Debug|Any CPU
		{5BC1CF0F-8B17-4F95-ACED-BF1FD962A708}.Release|Any CPU.ActiveCfg = Release|Any CPU
		{5BC1CF0F-8B17-4F95-ACED-BF1FD962A708}.Release|Any CPU.Build.0 = Release|Any CPU
	EndGlobalSection
	GlobalSection(SolutionProperties) = preSolution
		HideSolutionNode = FALSE
	EndGlobalSection
	GlobalSection(ExtensibilityGlobals) = postSolution
		SolutionGuid = {FF70B995-A51A-4616-8E6F-0E410C9B65DE}
	EndGlobalSection
EndGlobal
